
Microsoft Visual Studio Solution File, Format Version 12.00
# Visual Studio Version 17
VisualStudioVersion = 17.11.35303.130
MinimumVisualStudioVersion = 10.0.40219.1
Project("{2150E333-8FDC-42A3-9474-1A3956D46DE8}") = "Services", "Services", "{1F2D4931-B9F1-4238-A1EF-857610923702}"
EndProject
Project("{2150E333-8FDC-42A3-9474-1A3956D46DE8}") = "Gateway", "Gateway", "{1215176F-1E28-48BD-8D03-4CF4D18CCE74}"
EndProject
Project("{2150E333-8FDC-42A3-9474-1A3956D46DE8}") = "Integration", "Integration", "{A2102463-C3AF-4CC9-8E1A-7A1FAF462828}"
EndProject
Project("{9A19103F-16F7-4668-BE54-9A1E7A4F7556}") = "Services.CategoryAPI", "Services.CategoryAPI\Services.CategoryAPI.csproj", "{87CC0603-1FD4-47B0-8899-3BD0CE7480CB}"
EndProject
Project("{9A19103F-16F7-4668-BE54-9A1E7A4F7556}") = "Services.BrandAPI", "Services.BrandAPI\Services.BrandAPI.csproj", "{283A4598-8C26-4A5C-9B37-A49C73245D1C}"
EndProject
Project("{9A19103F-16F7-4668-BE54-9A1E7A4F7556}") = "GatewaySolution", "GatewaySolution\GatewaySolution.csproj", "{A3E3E220-EC8C-4E6D-9C27-535ACFF3411C}"
EndProject
Project("{9A19103F-16F7-4668-BE54-9A1E7A4F7556}") = "Services.NationAPI", "Services.Nation\Services.NationAPI.csproj", "{D58E04BE-0A9C-43EB-A968-6CFBC4D953A8}"
EndProject
Project("{9A19103F-16F7-4668-BE54-9A1E7A4F7556}") = "Services.ColorAPI", "Services.ColorAPI\Services.ColorAPI.csproj", "{1C232BF4-1BE3-4AC6-A4FF-3A1746A5492F}"
EndProject
Project("{9A19103F-16F7-4668-BE54-9A1E7A4F7556}") = "Services.SizeAPI", "Services.SizeAPI\Services.SizeAPI.csproj", "{B4A58884-9136-45B7-A04D-AA7FD6475F1B}"
EndProject
Project("{9A19103F-16F7-4668-BE54-9A1E7A4F7556}") = "Services.CartItemAPI", "Services.CartAPI\Services.CartItemAPI.csproj", "{427ECFAB-D308-4904-A5DE-BA927990F202}"
EndProject
Project("{9A19103F-16F7-4668-BE54-9A1E7A4F7556}") = "Services.ProductAPI", "Services.ProductAPI\Services.ProductAPI.csproj", "{0465B29E-E9A1-405D-8D9A-E44C0E972652}"
EndProject
Project("{9A19103F-16F7-4668-BE54-9A1E7A4F7556}") = "Service.SupplierAPI", "Service.SupplierAPI\Service.SupplierAPI.csproj", "{9336D11C-517C-49D0-9C15-E58EC58F0162}"
EndProject
Project("{9A19103F-16F7-4668-BE54-9A1E7A4F7556}") = "Services.AddressAPI", "Services.AddressAPI\Services.AddressAPI.csproj", "{C699B324-376A-4745-A882-E34A068CF167}"
EndProject
Project("{9A19103F-16F7-4668-BE54-9A1E7A4F7556}") = "Services.GoodsReceiptAPI", "Services.GoodsReceiptAPI\Services.GoodsReceiptAPI.csproj", "{E384CDD1-0185-4F6F-B9A6-6E77EA20EAF9}"
EndProject
Project("{9A19103F-16F7-4668-BE54-9A1E7A4F7556}") = "Services.OrderAPI", "Services.OrderAPI\Services.OrderAPI.csproj", "{835EB259-3A67-45F6-B165-42C965ADA4CF}"
EndProject
Project("{9A19103F-16F7-4668-BE54-9A1E7A4F7556}") = "Services.CouponAPI", "Services.CouponAPI\Services.CouponAPI.csproj", "{C8F4FEDA-6BE3-4A13-B766-2B438589FACA}"
EndProject
Project("{9A19103F-16F7-4668-BE54-9A1E7A4F7556}") = "Services.AuthAPI", "Services.AuthAPI\Services.AuthAPI.csproj", "{4E0D63BF-4C99-4CC0-84E7-5DC27AD191B9}"
EndProject
Global
	GlobalSection(SolutionConfigurationPlatforms) = preSolution
		Debug|Any CPU = Debug|Any CPU
		Release|Any CPU = Release|Any CPU
	EndGlobalSection
	GlobalSection(ProjectConfigurationPlatforms) = postSolution
		{87CC0603-1FD4-47B0-8899-3BD0CE7480CB}.Debug|Any CPU.ActiveCfg = Debug|Any CPU
		{87CC0603-1FD4-47B0-8899-3BD0CE7480CB}.Debug|Any CPU.Build.0 = Debug|Any CPU
		{87CC0603-1FD4-47B0-8899-3BD0CE7480CB}.Release|Any CPU.ActiveCfg = Release|Any CPU
		{87CC0603-1FD4-47B0-8899-3BD0CE7480CB}.Release|Any CPU.Build.0 = Release|Any CPU
		{283A4598-8C26-4A5C-9B37-A49C73245D1C}.Debug|Any CPU.ActiveCfg = Debug|Any CPU
		{283A4598-8C26-4A5C-9B37-A49C73245D1C}.Debug|Any CPU.Build.0 = Debug|Any CPU
		{283A4598-8C26-4A5C-9B37-A49C73245D1C}.Release|Any CPU.ActiveCfg = Release|Any CPU
		{283A4598-8C26-4A5C-9B37-A49C73245D1C}.Release|Any CPU.Build.0 = Release|Any CPU
		{A3E3E220-EC8C-4E6D-9C27-535ACFF3411C}.Debug|Any CPU.ActiveCfg = Debug|Any CPU
		{A3E3E220-EC8C-4E6D-9C27-535ACFF3411C}.Debug|Any CPU.Build.0 = Debug|Any CPU
		{A3E3E220-EC8C-4E6D-9C27-535ACFF3411C}.Release|Any CPU.ActiveCfg = Release|Any CPU
		{A3E3E220-EC8C-4E6D-9C27-535ACFF3411C}.Release|Any CPU.Build.0 = Release|Any CPU
		{D58E04BE-0A9C-43EB-A968-6CFBC4D953A8}.Debug|Any CPU.ActiveCfg = Debug|Any CPU
		{D58E04BE-0A9C-43EB-A968-6CFBC4D953A8}.Debug|Any CPU.Build.0 = Debug|Any CPU
		{D58E04BE-0A9C-43EB-A968-6CFBC4D953A8}.Release|Any CPU.ActiveCfg = Release|Any CPU
		{D58E04BE-0A9C-43EB-A968-6CFBC4D953A8}.Release|Any CPU.Build.0 = Release|Any CPU
		{1C232BF4-1BE3-4AC6-A4FF-3A1746A5492F}.Debug|Any CPU.ActiveCfg = Debug|Any CPU
		{1C232BF4-1BE3-4AC6-A4FF-3A1746A5492F}.Debug|Any CPU.Build.0 = Debug|Any CPU
		{1C232BF4-1BE3-4AC6-A4FF-3A1746A5492F}.Release|Any CPU.ActiveCfg = Release|Any CPU
		{1C232BF4-1BE3-4AC6-A4FF-3A1746A5492F}.Release|Any CPU.Build.0 = Release|Any CPU
		{B4A58884-9136-45B7-A04D-AA7FD6475F1B}.Debug|Any CPU.ActiveCfg = Debug|Any CPU
		{B4A58884-9136-45B7-A04D-AA7FD6475F1B}.Debug|Any CPU.Build.0 = Debug|Any CPU
		{B4A58884-9136-45B7-A04D-AA7FD6475F1B}.Release|Any CPU.ActiveCfg = Release|Any CPU
		{B4A58884-9136-45B7-A04D-AA7FD6475F1B}.Release|Any CPU.Build.0 = Release|Any CPU
		{427ECFAB-D308-4904-A5DE-BA927990F202}.Debug|Any CPU.ActiveCfg = Debug|Any CPU
		{427ECFAB-D308-4904-A5DE-BA927990F202}.Debug|Any CPU.Build.0 = Debug|Any CPU
		{427ECFAB-D308-4904-A5DE-BA927990F202}.Release|Any CPU.ActiveCfg = Release|Any CPU
		{427ECFAB-D308-4904-A5DE-BA927990F202}.Release|Any CPU.Build.0 = Release|Any CPU
		{0465B29E-E9A1-405D-8D9A-E44C0E972652}.Debug|Any CPU.ActiveCfg = Debug|Any CPU
		{0465B29E-E9A1-405D-8D9A-E44C0E972652}.Debug|Any CPU.Build.0 = Debug|Any CPU
		{0465B29E-E9A1-405D-8D9A-E44C0E972652}.Release|Any CPU.ActiveCfg = Release|Any CPU
		{0465B29E-E9A1-405D-8D9A-E44C0E972652}.Release|Any CPU.Build.0 = Release|Any CPU
		{9336D11C-517C-49D0-9C15-E58EC58F0162}.Debug|Any CPU.ActiveCfg = Debug|Any CPU
		{9336D11C-517C-49D0-9C15-E58EC58F0162}.Debug|Any CPU.Build.0 = Debug|Any CPU
		{9336D11C-517C-49D0-9C15-E58EC58F0162}.Release|Any CPU.ActiveCfg = Release|Any CPU
		{9336D11C-517C-49D0-9C15-E58EC58F0162}.Release|Any CPU.Build.0 = Release|Any CPU
		{C699B324-376A-4745-A882-E34A068CF167}.Debug|Any CPU.ActiveCfg = Debug|Any CPU
		{C699B324-376A-4745-A882-E34A068CF167}.Debug|Any CPU.Build.0 = Debug|Any CPU
		{C699B324-376A-4745-A882-E34A068CF167}.Release|Any CPU.ActiveCfg = Release|Any CPU
		{C699B324-376A-4745-A882-E34A068CF167}.Release|Any CPU.Build.0 = Release|Any CPU
		{E384CDD1-0185-4F6F-B9A6-6E77EA20EAF9}.Debug|Any CPU.ActiveCfg = Debug|Any CPU
		{E384CDD1-0185-4F6F-B9A6-6E77EA20EAF9}.Debug|Any CPU.Build.0 = Debug|Any CPU
		{E384CDD1-0185-4F6F-B9A6-6E77EA20EAF9}.Release|Any CPU.ActiveCfg = Release|Any CPU
		{E384CDD1-0185-4F6F-B9A6-6E77EA20EAF9}.Release|Any CPU.Build.0 = Release|Any CPU
		{835EB259-3A67-45F6-B165-42C965ADA4CF}.Debug|Any CPU.ActiveCfg = Debug|Any CPU
		{835EB259-3A67-45F6-B165-42C965ADA4CF}.Debug|Any CPU.Build.0 = Debug|Any CPU
		{835EB259-3A67-45F6-B165-42C965ADA4CF}.Release|Any CPU.ActiveCfg = Release|Any CPU
		{835EB259-3A67-45F6-B165-42C965ADA4CF}.Release|Any CPU.Build.0 = Release|Any CPU
		{C8F4FEDA-6BE3-4A13-B766-2B438589FACA}.Debug|Any CPU.ActiveCfg = Debug|Any CPU
		{C8F4FEDA-6BE3-4A13-B766-2B438589FACA}.Debug|Any CPU.Build.0 = Debug|Any CPU
		{C8F4FEDA-6BE3-4A13-B766-2B438589FACA}.Release|Any CPU.ActiveCfg = Release|Any CPU
		{C8F4FEDA-6BE3-4A13-B766-2B438589FACA}.Release|Any CPU.Build.0 = Release|Any CPU
		{4E0D63BF-4C99-4CC0-84E7-5DC27AD191B9}.Debug|Any CPU.ActiveCfg = Debug|Any CPU
		{4E0D63BF-4C99-4CC0-84E7-5DC27AD191B9}.Debug|Any CPU.Build.0 = Debug|Any CPU
		{4E0D63BF-4C99-4CC0-84E7-5DC27AD191B9}.Release|Any CPU.ActiveCfg = Release|Any CPU
		{4E0D63BF-4C99-4CC0-84E7-5DC27AD191B9}.Release|Any CPU.Build.0 = Release|Any CPU
	EndGlobalSection
	GlobalSection(SolutionProperties) = preSolution
		HideSolutionNode = FALSE
	EndGlobalSection
	GlobalSection(NestedProjects) = preSolution
		{87CC0603-1FD4-47B0-8899-3BD0CE7480CB} = {1F2D4931-B9F1-4238-A1EF-857610923702}
		{283A4598-8C26-4A5C-9B37-A49C73245D1C} = {1F2D4931-B9F1-4238-A1EF-857610923702}
		{A3E3E220-EC8C-4E6D-9C27-535ACFF3411C} = {1215176F-1E28-48BD-8D03-4CF4D18CCE74}
		{D58E04BE-0A9C-43EB-A968-6CFBC4D953A8} = {1F2D4931-B9F1-4238-A1EF-857610923702}
		{1C232BF4-1BE3-4AC6-A4FF-3A1746A5492F} = {1F2D4931-B9F1-4238-A1EF-857610923702}
		{B4A58884-9136-45B7-A04D-AA7FD6475F1B} = {1F2D4931-B9F1-4238-A1EF-857610923702}
		{427ECFAB-D308-4904-A5DE-BA927990F202} = {1F2D4931-B9F1-4238-A1EF-857610923702}
		{0465B29E-E9A1-405D-8D9A-E44C0E972652} = {1F2D4931-B9F1-4238-A1EF-857610923702}
		{9336D11C-517C-49D0-9C15-E58EC58F0162} = {1F2D4931-B9F1-4238-A1EF-857610923702}
		{C699B324-376A-4745-A882-E34A068CF167} = {1F2D4931-B9F1-4238-A1EF-857610923702}
		{E384CDD1-0185-4F6F-B9A6-6E77EA20EAF9} = {1F2D4931-B9F1-4238-A1EF-857610923702}
		{835EB259-3A67-45F6-B165-42C965ADA4CF} = {1F2D4931-B9F1-4238-A1EF-857610923702}
		{C8F4FEDA-6BE3-4A13-B766-2B438589FACA} = {1F2D4931-B9F1-4238-A1EF-857610923702}
		{4E0D63BF-4C99-4CC0-84E7-5DC27AD191B9} = {1F2D4931-B9F1-4238-A1EF-857610923702}
	EndGlobalSection
	GlobalSection(ExtensibilityGlobals) = postSolution
		SolutionGuid = {834B0862-2D48-41BD-B0B3-C13C97CAA9C3}
	EndGlobalSection
EndGlobal
