
Microsoft Visual Studio Solution File, Format Version 12.00
# Visual Studio Version 17
VisualStudioVersion = 17.11.35303.130
MinimumVisualStudioVersion = 10.0.40219.1
Project("{2150E333-8FDC-42A3-9474-1A3956D46DE8}") = "Services", "Services", "{1F2D4931-B9F1-4238-A1EF-857610923702}"
EndProject
Project("{2150E333-8FDC-42A3-9474-1A3956D46DE8}") = "Gateway", "Gateway", "{1215176F-1E28-48BD-8D03-4CF4D18CCE74}"
EndProject
Project("{2150E333-8FDC-42A3-9474-1A3956D46DE8}") = "Integration", "Integration", "{A2102463-C3AF-4CC9-8E1A-7A1FAF462828}"
EndProject
Project("{9A19103F-16F7-4668-BE54-9A1E7A4F7556}") = "Services.CategoryAPI", "Services.CategoryAPI\Services.CategoryAPI.csproj", "{87CC0603-1FD4-47B0-8899-3BD0CE7480CB}"
EndProject
Project("{9A19103F-16F7-4668-BE54-9A1E7A4F7556}") = "GatewaySolution", "GatewaySolution\GatewaySolution.csproj", "{A3E3E220-EC8C-4E6D-9C27-535ACFF3411C}"
EndProject
Project("{9A19103F-16F7-4668-BE54-9A1E7A4F7556}") = "Services.CustomerAPI", "Services.CustomerAPI\Services.CustomerAPI.csproj", "{FAC0F568-8496-4518-B274-42D63C1AAC12}"
EndProject
Project("{FAE04EC0-301F-11D3-BF4B-00C04F79EFBC}") = "Service.SupplierAPI", "Service.SupplierAPI\Service.SupplierAPI.csproj", "{787ADE4E-79E3-4A5C-BA27-479A7339E949}"
EndProject
Project("{FAE04EC0-301F-11D3-BF4B-00C04F79EFBC}") = "Services.CouponAPI", "Services.CouponAPI\Services.CouponAPI.csproj", "{14C12C7C-CB8E-4F2C-A27C-6AA7C8DBE561}"
EndProject
Project("{FAE04EC0-301F-11D3-BF4B-00C04F79EFBC}") = "Services.AddressAPI", "Services.AddressAPI\Services.AddressAPI.csproj", "{77F316BB-D2D7-410D-B2E4-FC06C9B62E75}"
EndProject
Project("{FAE04EC0-301F-11D3-BF4B-00C04F79EFBC}") = "Services.GoodsReceiptAPI", "Services.GoodsReceiptAPI\Services.GoodsReceiptAPI.csproj", "{FC441078-9635-4F63-A175-00A2DDE5082D}"
EndProject
Project("{FAE04EC0-301F-11D3-BF4B-00C04F79EFBC}") = "Services.OrderAPI", "Services.OrderAPI\Services.OrderAPI.csproj", "{C61A1299-5D63-455E-8223-244840B06803}"
EndProject
Global
	GlobalSection(SolutionConfigurationPlatforms) = preSolution
		Debug|Any CPU = Debug|Any CPU
		Release|Any CPU = Release|Any CPU
	EndGlobalSection
	GlobalSection(ProjectConfigurationPlatforms) = postSolution
		{87CC0603-1FD4-47B0-8899-3BD0CE7480CB}.Debug|Any CPU.ActiveCfg = Debug|Any CPU
		{87CC0603-1FD4-47B0-8899-3BD0CE7480CB}.Debug|Any CPU.Build.0 = Debug|Any CPU
		{87CC0603-1FD4-47B0-8899-3BD0CE7480CB}.Release|Any CPU.ActiveCfg = Release|Any CPU
		{87CC0603-1FD4-47B0-8899-3BD0CE7480CB}.Release|Any CPU.Build.0 = Release|Any CPU
		{A3E3E220-EC8C-4E6D-9C27-535ACFF3411C}.Debug|Any CPU.ActiveCfg = Debug|Any CPU
		{A3E3E220-EC8C-4E6D-9C27-535ACFF3411C}.Debug|Any CPU.Build.0 = Debug|Any CPU
		{A3E3E220-EC8C-4E6D-9C27-535ACFF3411C}.Release|Any CPU.ActiveCfg = Release|Any CPU
		{A3E3E220-EC8C-4E6D-9C27-535ACFF3411C}.Release|Any CPU.Build.0 = Release|Any CPU
		{FAC0F568-8496-4518-B274-42D63C1AAC12}.Debug|Any CPU.ActiveCfg = Debug|Any CPU
		{FAC0F568-8496-4518-B274-42D63C1AAC12}.Debug|Any CPU.Build.0 = Debug|Any CPU
		{FAC0F568-8496-4518-B274-42D63C1AAC12}.Release|Any CPU.ActiveCfg = Release|Any CPU
		{FAC0F568-8496-4518-B274-42D63C1AAC12}.Release|Any CPU.Build.0 = Release|Any CPU
		{787ADE4E-79E3-4A5C-BA27-479A7339E949}.Debug|Any CPU.ActiveCfg = Debug|Any CPU
		{787ADE4E-79E3-4A5C-BA27-479A7339E949}.Debug|Any CPU.Build.0 = Debug|Any CPU
		{787ADE4E-79E3-4A5C-BA27-479A7339E949}.Release|Any CPU.ActiveCfg = Release|Any CPU
		{787ADE4E-79E3-4A5C-BA27-479A7339E949}.Release|Any CPU.Build.0 = Release|Any CPU
		{14C12C7C-CB8E-4F2C-A27C-6AA7C8DBE561}.Debug|Any CPU.ActiveCfg = Debug|Any CPU
		{14C12C7C-CB8E-4F2C-A27C-6AA7C8DBE561}.Debug|Any CPU.Build.0 = Debug|Any CPU
		{14C12C7C-CB8E-4F2C-A27C-6AA7C8DBE561}.Release|Any CPU.ActiveCfg = Release|Any CPU
		{14C12C7C-CB8E-4F2C-A27C-6AA7C8DBE561}.Release|Any CPU.Build.0 = Release|Any CPU
		{77F316BB-D2D7-410D-B2E4-FC06C9B62E75}.Debug|Any CPU.ActiveCfg = Debug|Any CPU
		{77F316BB-D2D7-410D-B2E4-FC06C9B62E75}.Debug|Any CPU.Build.0 = Debug|Any CPU
		{77F316BB-D2D7-410D-B2E4-FC06C9B62E75}.Release|Any CPU.ActiveCfg = Release|Any CPU
		{77F316BB-D2D7-410D-B2E4-FC06C9B62E75}.Release|Any CPU.Build.0 = Release|Any CPU
		{FC441078-9635-4F63-A175-00A2DDE5082D}.Debug|Any CPU.ActiveCfg = Debug|Any CPU
		{FC441078-9635-4F63-A175-00A2DDE5082D}.Debug|Any CPU.Build.0 = Debug|Any CPU
		{FC441078-9635-4F63-A175-00A2DDE5082D}.Release|Any CPU.ActiveCfg = Release|Any CPU
		{FC441078-9635-4F63-A175-00A2DDE5082D}.Release|Any CPU.Build.0 = Release|Any CPU
		{C61A1299-5D63-455E-8223-244840B06803}.Debug|Any CPU.ActiveCfg = Debug|Any CPU
		{C61A1299-5D63-455E-8223-244840B06803}.Debug|Any CPU.Build.0 = Debug|Any CPU
		{C61A1299-5D63-455E-8223-244840B06803}.Release|Any CPU.ActiveCfg = Release|Any CPU
		{C61A1299-5D63-455E-8223-244840B06803}.Release|Any CPU.Build.0 = Release|Any CPU
	EndGlobalSection
	GlobalSection(SolutionProperties) = preSolution
		HideSolutionNode = FALSE
	EndGlobalSection
	GlobalSection(NestedProjects) = preSolution
		{87CC0603-1FD4-47B0-8899-3BD0CE7480CB} = {1F2D4931-B9F1-4238-A1EF-857610923702}
		{A3E3E220-EC8C-4E6D-9C27-535ACFF3411C} = {1215176F-1E28-48BD-8D03-4CF4D18CCE74}
		{FAC0F568-8496-4518-B274-42D63C1AAC12} = {1F2D4931-B9F1-4238-A1EF-857610923702}
		{787ADE4E-79E3-4A5C-BA27-479A7339E949} = {1F2D4931-B9F1-4238-A1EF-857610923702}
		{14C12C7C-CB8E-4F2C-A27C-6AA7C8DBE561} = {1F2D4931-B9F1-4238-A1EF-857610923702}
		{77F316BB-D2D7-410D-B2E4-FC06C9B62E75} = {1F2D4931-B9F1-4238-A1EF-857610923702}
		{FC441078-9635-4F63-A175-00A2DDE5082D} = {1F2D4931-B9F1-4238-A1EF-857610923702}
		{C61A1299-5D63-455E-8223-244840B06803} = {1F2D4931-B9F1-4238-A1EF-857610923702}
	EndGlobalSection
	GlobalSection(ExtensibilityGlobals) = postSolution
		SolutionGuid = {834B0862-2D48-41BD-B0B3-C13C97CAA9C3}
	EndGlobalSection
EndGlobal
